
Microsoft Visual Studio Solution File, Format Version 11.00
# Visual Studio 2010
Project("{FAE04EC0-301F-11D3-BF4B-00C04F79EFBC}") = "Assembly-CSharp", "Assembly-CSharp.csproj", "{00E21B0E-0053-DE8E-F34F-83DCB403A3BF}"
EndProject
Global
	GlobalSection(SolutionConfigurationPlatforms) = preSolution
		Debug|Any CPU = Debug|Any CPU
		Release|Any CPU = Release|Any CPU
	EndGlobalSection
	GlobalSection(ProjectConfigurationPlatforms) = postSolution
		{00E21B0E-0053-DE8E-F34F-83DCB403A3BF}.Debug|Any CPU.ActiveCfg = Debug|Any CPU
		{00E21B0E-0053-DE8E-F34F-83DCB403A3BF}.Debug|Any CPU.Build.0 = Debug|Any CPU
		{00E21B0E-0053-DE8E-F34F-83DCB403A3BF}.Release|Any CPU.ActiveCfg = Release|Any CPU
		{00E21B0E-0053-DE8E-F34F-83DCB403A3BF}.Release|Any CPU.Build.0 = Release|Any CPU
	EndGlobalSection
	GlobalSection(SolutionProperties) = preSolution
		HideSolutionNode = FALSE
	EndGlobalSection
	GlobalSection(MonoDevelopProperties) = preSolution
		StartupItem = Assembly-CSharp.csproj
	EndGlobalSection
EndGlobal
